
Microsoft Visual Studio Solution File, Format Version 12.00
# Visual Studio Version 16
VisualStudioVersion = 16.0.30611.23
MinimumVisualStudioVersion = 10.0.40219.1
Project("{FAE04EC0-301F-11D3-BF4B-00C04F79EFBC}") = "TaskListCapstone", "TaskListCapstone\TaskListCapstone.csproj", "{891E7E96-F3CA-483E-8788-1D4B53F26C96}"
EndProject
Global
	GlobalSection(SolutionConfigurationPlatforms) = preSolution
		Debug|Any CPU = Debug|Any CPU
		Release|Any CPU = Release|Any CPU
	EndGlobalSection
	GlobalSection(ProjectConfigurationPlatforms) = postSolution
		{891E7E96-F3CA-483E-8788-1D4B53F26C96}.Debug|Any CPU.ActiveCfg = Debug|Any CPU
		{891E7E96-F3CA-483E-8788-1D4B53F26C96}.Debug|Any CPU.Build.0 = Debug|Any CPU
		{891E7E96-F3CA-483E-8788-1D4B53F26C96}.Release|Any CPU.ActiveCfg = Release|Any CPU
		{891E7E96-F3CA-483E-8788-1D4B53F26C96}.Release|Any CPU.Build.0 = Release|Any CPU
	EndGlobalSection
	GlobalSection(SolutionProperties) = preSolution
		HideSolutionNode = FALSE
	EndGlobalSection
	GlobalSection(ExtensibilityGlobals) = postSolution
		SolutionGuid = {28D45878-C6E1-44D6-81B1-6FD9BC7DDBD0}
	EndGlobalSection
EndGlobal
